
Microsoft Visual Studio Solution File, Format Version 12.00
# Visual Studio Version 16
VisualStudioVersion = 16.0.30011.22
MinimumVisualStudioVersion = 15.0.26124.0
Project("{9A19103F-16F7-4668-BE54-9A1E7A4F7556}") = "Lab12-HotelDataBase", "Lab12-HotelDataBase\Lab12-HotelDataBase.csproj", "{53390FED-CA1A-4FE4-B49E-CF01CEBA227D}"
EndProject
Project("{9A19103F-16F7-4668-BE54-9A1E7A4F7556}") = "Lab12-HotelDataBase.Web", "Lab12-HotelDataBase.Web\Lab12-HotelDataBase.Web.csproj", "{86458260-FCB6-494E-8E86-D0B503209FEF}"
EndProject
Project("{FAE04EC0-301F-11D3-BF4B-00C04F79EFBC}") = "Lab12-HotelDataBase.API.Tests", "Lab12-HotelDataBase.Tests\Lab12-HotelDataBase.API.Tests.csproj", "{A2C2A3F8-5674-4A1B-86FC-D24B04991DA5}"
EndProject
Project("{FAE04EC0-301F-11D3-BF4B-00C04F79EFBC}") = "Lab12-HotelDataBase.Web.Tests", "Lab12-HotelDataBase.Web.Tests\Lab12-HotelDataBase.Web.Tests.csproj", "{E51AA302-9C92-4455-BD1B-02D133373729}"
EndProject
Global
	GlobalSection(SolutionConfigurationPlatforms) = preSolution
		Debug|Any CPU = Debug|Any CPU
		Debug|x64 = Debug|x64
		Debug|x86 = Debug|x86
		Release|Any CPU = Release|Any CPU
		Release|x64 = Release|x64
		Release|x86 = Release|x86
	EndGlobalSection
	GlobalSection(ProjectConfigurationPlatforms) = postSolution
		{53390FED-CA1A-4FE4-B49E-CF01CEBA227D}.Debug|Any CPU.ActiveCfg = Debug|Any CPU
		{53390FED-CA1A-4FE4-B49E-CF01CEBA227D}.Debug|Any CPU.Build.0 = Debug|Any CPU
		{53390FED-CA1A-4FE4-B49E-CF01CEBA227D}.Debug|x64.ActiveCfg = Debug|Any CPU
		{53390FED-CA1A-4FE4-B49E-CF01CEBA227D}.Debug|x64.Build.0 = Debug|Any CPU
		{53390FED-CA1A-4FE4-B49E-CF01CEBA227D}.Debug|x86.ActiveCfg = Debug|Any CPU
		{53390FED-CA1A-4FE4-B49E-CF01CEBA227D}.Debug|x86.Build.0 = Debug|Any CPU
		{53390FED-CA1A-4FE4-B49E-CF01CEBA227D}.Release|Any CPU.ActiveCfg = Release|Any CPU
		{53390FED-CA1A-4FE4-B49E-CF01CEBA227D}.Release|Any CPU.Build.0 = Release|Any CPU
		{53390FED-CA1A-4FE4-B49E-CF01CEBA227D}.Release|x64.ActiveCfg = Release|Any CPU
		{53390FED-CA1A-4FE4-B49E-CF01CEBA227D}.Release|x64.Build.0 = Release|Any CPU
		{53390FED-CA1A-4FE4-B49E-CF01CEBA227D}.Release|x86.ActiveCfg = Release|Any CPU
		{53390FED-CA1A-4FE4-B49E-CF01CEBA227D}.Release|x86.Build.0 = Release|Any CPU
		{86458260-FCB6-494E-8E86-D0B503209FEF}.Debug|Any CPU.ActiveCfg = Debug|Any CPU
		{86458260-FCB6-494E-8E86-D0B503209FEF}.Debug|Any CPU.Build.0 = Debug|Any CPU
		{86458260-FCB6-494E-8E86-D0B503209FEF}.Debug|x64.ActiveCfg = Debug|Any CPU
		{86458260-FCB6-494E-8E86-D0B503209FEF}.Debug|x64.Build.0 = Debug|Any CPU
		{86458260-FCB6-494E-8E86-D0B503209FEF}.Debug|x86.ActiveCfg = Debug|Any CPU
		{86458260-FCB6-494E-8E86-D0B503209FEF}.Debug|x86.Build.0 = Debug|Any CPU
		{86458260-FCB6-494E-8E86-D0B503209FEF}.Release|Any CPU.ActiveCfg = Release|Any CPU
		{86458260-FCB6-494E-8E86-D0B503209FEF}.Release|Any CPU.Build.0 = Release|Any CPU
		{86458260-FCB6-494E-8E86-D0B503209FEF}.Release|x64.ActiveCfg = Release|Any CPU
		{86458260-FCB6-494E-8E86-D0B503209FEF}.Release|x64.Build.0 = Release|Any CPU
		{86458260-FCB6-494E-8E86-D0B503209FEF}.Release|x86.ActiveCfg = Release|Any CPU
		{86458260-FCB6-494E-8E86-D0B503209FEF}.Release|x86.Build.0 = Release|Any CPU
		{A2C2A3F8-5674-4A1B-86FC-D24B04991DA5}.Debug|Any CPU.ActiveCfg = Debug|Any CPU
		{A2C2A3F8-5674-4A1B-86FC-D24B04991DA5}.Debug|Any CPU.Build.0 = Debug|Any CPU
		{A2C2A3F8-5674-4A1B-86FC-D24B04991DA5}.Debug|x64.ActiveCfg = Debug|Any CPU
		{A2C2A3F8-5674-4A1B-86FC-D24B04991DA5}.Debug|x64.Build.0 = Debug|Any CPU
		{A2C2A3F8-5674-4A1B-86FC-D24B04991DA5}.Debug|x86.ActiveCfg = Debug|Any CPU
		{A2C2A3F8-5674-4A1B-86FC-D24B04991DA5}.Debug|x86.Build.0 = Debug|Any CPU
		{A2C2A3F8-5674-4A1B-86FC-D24B04991DA5}.Release|Any CPU.ActiveCfg = Release|Any CPU
		{A2C2A3F8-5674-4A1B-86FC-D24B04991DA5}.Release|Any CPU.Build.0 = Release|Any CPU
		{A2C2A3F8-5674-4A1B-86FC-D24B04991DA5}.Release|x64.ActiveCfg = Release|Any CPU
		{A2C2A3F8-5674-4A1B-86FC-D24B04991DA5}.Release|x64.Build.0 = Release|Any CPU
		{A2C2A3F8-5674-4A1B-86FC-D24B04991DA5}.Release|x86.ActiveCfg = Release|Any CPU
		{A2C2A3F8-5674-4A1B-86FC-D24B04991DA5}.Release|x86.Build.0 = Release|Any CPU
		{E51AA302-9C92-4455-BD1B-02D133373729}.Debug|Any CPU.ActiveCfg = Debug|Any CPU
		{E51AA302-9C92-4455-BD1B-02D133373729}.Debug|Any CPU.Build.0 = Debug|Any CPU
		{E51AA302-9C92-4455-BD1B-02D133373729}.Debug|x64.ActiveCfg = Debug|Any CPU
		{E51AA302-9C92-4455-BD1B-02D133373729}.Debug|x64.Build.0 = Debug|Any CPU
		{E51AA302-9C92-4455-BD1B-02D133373729}.Debug|x86.ActiveCfg = Debug|Any CPU
		{E51AA302-9C92-4455-BD1B-02D133373729}.Debug|x86.Build.0 = Debug|Any CPU
		{E51AA302-9C92-4455-BD1B-02D133373729}.Release|Any CPU.ActiveCfg = Release|Any CPU
		{E51AA302-9C92-4455-BD1B-02D133373729}.Release|Any CPU.Build.0 = Release|Any CPU
		{E51AA302-9C92-4455-BD1B-02D133373729}.Release|x64.ActiveCfg = Release|Any CPU
		{E51AA302-9C92-4455-BD1B-02D133373729}.Release|x64.Build.0 = Release|Any CPU
		{E51AA302-9C92-4455-BD1B-02D133373729}.Release|x86.ActiveCfg = Release|Any CPU
		{E51AA302-9C92-4455-BD1B-02D133373729}.Release|x86.Build.0 = Release|Any CPU
	EndGlobalSection
	GlobalSection(SolutionProperties) = preSolution
		HideSolutionNode = FALSE
	EndGlobalSection
	GlobalSection(ExtensibilityGlobals) = postSolution
		SolutionGuid = {350D76CA-6419-4C77-A9FA-5DD6BF62827D}
	EndGlobalSection
EndGlobal
